
Microsoft Visual Studio Solution File, Format Version 12.00
# Visual Studio Version 17
VisualStudioVersion = 17.3.32825.248
MinimumVisualStudioVersion = 10.0.40219.1
Project("{FAE04EC0-301F-11D3-BF4B-00C04F79EFBC}") = "LibraryEntityFramework", "LibraryEntityFramework.csproj", "{1005CCA4-9872-4139-9F55-DBCF47B0676D}"
EndProject
Global
	GlobalSection(SolutionConfigurationPlatforms) = preSolution
		Debug|Any CPU = Debug|Any CPU
		Release|Any CPU = Release|Any CPU
	EndGlobalSection
	GlobalSection(ProjectConfigurationPlatforms) = postSolution
		{1005CCA4-9872-4139-9F55-DBCF47B0676D}.Debug|Any CPU.ActiveCfg = Debug|Any CPU
		{1005CCA4-9872-4139-9F55-DBCF47B0676D}.Debug|Any CPU.Build.0 = Debug|Any CPU
		{1005CCA4-9872-4139-9F55-DBCF47B0676D}.Release|Any CPU.ActiveCfg = Release|Any CPU
		{1005CCA4-9872-4139-9F55-DBCF47B0676D}.Release|Any CPU.Build.0 = Release|Any CPU
	EndGlobalSection
	GlobalSection(SolutionProperties) = preSolution
		HideSolutionNode = FALSE
	EndGlobalSection
	GlobalSection(ExtensibilityGlobals) = postSolution
		SolutionGuid = {C1A3D522-2204-415E-A5C6-DD36173CD49A}
	EndGlobalSection
EndGlobal
